# This file is generated by running "yarn install" inside your project.
# Manual changes might be lost - proceed with caution!

__metadata:
  version: 6
  cacheKey: 8

"redux@npm:^5.0.0":
  version: 5.0.0
  resolution: "redux@npm:5.0.0"
  checksum: be49160d4bd01e10108c425ade999f1b456204895c4bdd0c7825ab09efffded51955c5c242847406a7b3f273e9011a9c102848c512a099a75617b97b13d2cca8
  languageName: node
  linkType: hard

"vanilla-redux@workspace:.":
  version: 0.0.0-use.local
  resolution: "vanilla-redux@workspace:."
  dependencies:
    redux: ^5.0.0
  languageName: unknown
  linkType: soft
